
Microsoft Visual Studio Solution File, Format Version 12.00
# Visual Studio Version 17
VisualStudioVersion = 17.6.33815.320
MinimumVisualStudioVersion = 10.0.40219.1
Project("{FAE04EC0-301F-11D3-BF4B-00C04F79EFBC}") = "BS_PerspectiveUI", "BS_PerspectiveUI\BS_PerspectiveUI.csproj", "{BBECA0CB-8887-4395-A36B-01CCE6185B87}"
EndProject
Global
	GlobalSection(SolutionConfigurationPlatforms) = preSolution
		Debug|Any CPU = Debug|Any CPU
		Release|Any CPU = Release|Any CPU
	EndGlobalSection
	GlobalSection(ProjectConfigurationPlatforms) = postSolution
		{BBECA0CB-8887-4395-A36B-01CCE6185B87}.Debug|Any CPU.ActiveCfg = Debug|Any CPU
		{BBECA0CB-8887-4395-A36B-01CCE6185B87}.Debug|Any CPU.Build.0 = Debug|Any CPU
		{BBECA0CB-8887-4395-A36B-01CCE6185B87}.Release|Any CPU.ActiveCfg = Release|Any CPU
		{BBECA0CB-8887-4395-A36B-01CCE6185B87}.Release|Any CPU.Build.0 = Release|Any CPU
	EndGlobalSection
	GlobalSection(SolutionProperties) = preSolution
		HideSolutionNode = FALSE
	EndGlobalSection
	GlobalSection(ExtensibilityGlobals) = postSolution
		SolutionGuid = {EADB776F-AF66-4D27-B4FF-2028F05F0888}
	EndGlobalSection
EndGlobal
